
Microsoft Visual Studio Solution File, Format Version 12.00
Project("{FAE04EC0-301F-11D3-BF4B-00C04F79EFBC}") = "EstudoJson", "EstudoJson\EstudoJson.csproj", "{AC21F670-6E67-49F0-96A7-641650D686CE}"
EndProject
Global
	GlobalSection(SolutionConfigurationPlatforms) = preSolution
		Debug|Any CPU = Debug|Any CPU
		Release|Any CPU = Release|Any CPU
	EndGlobalSection
	GlobalSection(ProjectConfigurationPlatforms) = postSolution
		{AC21F670-6E67-49F0-96A7-641650D686CE}.Debug|Any CPU.ActiveCfg = Debug|Any CPU
		{AC21F670-6E67-49F0-96A7-641650D686CE}.Debug|Any CPU.Build.0 = Debug|Any CPU
		{AC21F670-6E67-49F0-96A7-641650D686CE}.Release|Any CPU.ActiveCfg = Release|Any CPU
		{AC21F670-6E67-49F0-96A7-641650D686CE}.Release|Any CPU.Build.0 = Release|Any CPU
	EndGlobalSection
EndGlobal
